
Microsoft Visual Studio Solution File, Format Version 12.00
# Visual Studio Version 16
VisualStudioVersion = 16.0.31702.278
MinimumVisualStudioVersion = 10.0.40219.1
Project("{FAE04EC0-301F-11D3-BF4B-00C04F79EFBC}") = "SubnetCalculator", "SubnetCalculator.csproj", "{4AE43FD5-EA87-4ACB-8C88-CF1D3398B503}"
EndProject
Global
	GlobalSection(SolutionConfigurationPlatforms) = preSolution
		Debug|Any CPU = Debug|Any CPU
		Release|Any CPU = Release|Any CPU
	EndGlobalSection
	GlobalSection(ProjectConfigurationPlatforms) = postSolution
		{4AE43FD5-EA87-4ACB-8C88-CF1D3398B503}.Debug|Any CPU.ActiveCfg = Debug|Any CPU
		{4AE43FD5-EA87-4ACB-8C88-CF1D3398B503}.Debug|Any CPU.Build.0 = Debug|Any CPU
		{4AE43FD5-EA87-4ACB-8C88-CF1D3398B503}.Release|Any CPU.ActiveCfg = Release|Any CPU
		{4AE43FD5-EA87-4ACB-8C88-CF1D3398B503}.Release|Any CPU.Build.0 = Release|Any CPU
	EndGlobalSection
	GlobalSection(SolutionProperties) = preSolution
		HideSolutionNode = FALSE
	EndGlobalSection
	GlobalSection(ExtensibilityGlobals) = postSolution
		SolutionGuid = {064AB842-46A7-42C3-A041-EC8AA259F084}
	EndGlobalSection
EndGlobal
