
Microsoft Visual Studio Solution File, Format Version 12.00
# Visual Studio Version 16
VisualStudioVersion = 16.0.31515.178
MinimumVisualStudioVersion = 10.0.40219.1
Project("{FAE04EC0-301F-11D3-BF4B-00C04F79EFBC}") = "Example", "Example.csproj", "{B5CAA050-A7BA-48DD-BC08-A2482244D450}"
EndProject
Global
	GlobalSection(SolutionConfigurationPlatforms) = preSolution
		Debug|Any CPU = Debug|Any CPU
		Release|Any CPU = Release|Any CPU
	EndGlobalSection
	GlobalSection(ProjectConfigurationPlatforms) = postSolution
		{B5CAA050-A7BA-48DD-BC08-A2482244D450}.Debug|Any CPU.ActiveCfg = Debug|Any CPU
		{B5CAA050-A7BA-48DD-BC08-A2482244D450}.Debug|Any CPU.Build.0 = Debug|Any CPU
		{B5CAA050-A7BA-48DD-BC08-A2482244D450}.Release|Any CPU.ActiveCfg = Release|Any CPU
		{B5CAA050-A7BA-48DD-BC08-A2482244D450}.Release|Any CPU.Build.0 = Release|Any CPU
	EndGlobalSection
	GlobalSection(SolutionProperties) = preSolution
		HideSolutionNode = FALSE
	EndGlobalSection
	GlobalSection(ExtensibilityGlobals) = postSolution
		SolutionGuid = {33006D39-FB5A-4117-8D58-F2304FCE6DF2}
	EndGlobalSection
EndGlobal
