
Microsoft Visual Studio Solution File, Format Version 12.00
# Visual Studio Version 16
VisualStudioVersion = 16.0.31702.278
MinimumVisualStudioVersion = 10.0.40219.1
Project("{FAE04EC0-301F-11D3-BF4B-00C04F79EFBC}") = "GuessAWord", "GuessAWord.csproj", "{FAC7E9BD-83AF-4E6B-BE31-D6ED9FFB0734}"
EndProject
Global
	GlobalSection(SolutionConfigurationPlatforms) = preSolution
		Debug|Any CPU = Debug|Any CPU
		Release|Any CPU = Release|Any CPU
	EndGlobalSection
	GlobalSection(ProjectConfigurationPlatforms) = postSolution
		{FAC7E9BD-83AF-4E6B-BE31-D6ED9FFB0734}.Debug|Any CPU.ActiveCfg = Debug|Any CPU
		{FAC7E9BD-83AF-4E6B-BE31-D6ED9FFB0734}.Debug|Any CPU.Build.0 = Debug|Any CPU
		{FAC7E9BD-83AF-4E6B-BE31-D6ED9FFB0734}.Release|Any CPU.ActiveCfg = Release|Any CPU
		{FAC7E9BD-83AF-4E6B-BE31-D6ED9FFB0734}.Release|Any CPU.Build.0 = Release|Any CPU
	EndGlobalSection
	GlobalSection(SolutionProperties) = preSolution
		HideSolutionNode = FALSE
	EndGlobalSection
	GlobalSection(ExtensibilityGlobals) = postSolution
		SolutionGuid = {FEFCA3D7-C404-4636-814F-1BA74EB4843D}
	EndGlobalSection
EndGlobal
