
Microsoft Visual Studio Solution File, Format Version 12.00
# Visual Studio Version 16
VisualStudioVersion = 16.0.31702.278
MinimumVisualStudioVersion = 10.0.40219.1
Project("{FAE04EC0-301F-11D3-BF4B-00C04F79EFBC}") = "CheckDigit", "CheckDigit.csproj", "{949D05AE-7D83-4D2B-ABE8-AE3604D94AF7}"
EndProject
Global
	GlobalSection(SolutionConfigurationPlatforms) = preSolution
		Debug|Any CPU = Debug|Any CPU
		Release|Any CPU = Release|Any CPU
	EndGlobalSection
	GlobalSection(ProjectConfigurationPlatforms) = postSolution
		{949D05AE-7D83-4D2B-ABE8-AE3604D94AF7}.Debug|Any CPU.ActiveCfg = Debug|Any CPU
		{949D05AE-7D83-4D2B-ABE8-AE3604D94AF7}.Debug|Any CPU.Build.0 = Debug|Any CPU
		{949D05AE-7D83-4D2B-ABE8-AE3604D94AF7}.Release|Any CPU.ActiveCfg = Release|Any CPU
		{949D05AE-7D83-4D2B-ABE8-AE3604D94AF7}.Release|Any CPU.Build.0 = Release|Any CPU
	EndGlobalSection
	GlobalSection(SolutionProperties) = preSolution
		HideSolutionNode = FALSE
	EndGlobalSection
	GlobalSection(ExtensibilityGlobals) = postSolution
		SolutionGuid = {D5E924B1-462B-4C8E-83CD-D2746BFC4EBE}
	EndGlobalSection
EndGlobal
