
Microsoft Visual Studio Solution File, Format Version 12.00
# Visual Studio Version 16
VisualStudioVersion = 16.0.31702.278
MinimumVisualStudioVersion = 10.0.40219.1
Project("{FAE04EC0-301F-11D3-BF4B-00C04F79EFBC}") = "SumFiveInts", "SumFiveInts.csproj", "{0D1D8E39-784F-4F88-9FA1-757D03A3816C}"
EndProject
Global
	GlobalSection(SolutionConfigurationPlatforms) = preSolution
		Debug|Any CPU = Debug|Any CPU
		Release|Any CPU = Release|Any CPU
	EndGlobalSection
	GlobalSection(ProjectConfigurationPlatforms) = postSolution
		{0D1D8E39-784F-4F88-9FA1-757D03A3816C}.Debug|Any CPU.ActiveCfg = Debug|Any CPU
		{0D1D8E39-784F-4F88-9FA1-757D03A3816C}.Debug|Any CPU.Build.0 = Debug|Any CPU
		{0D1D8E39-784F-4F88-9FA1-757D03A3816C}.Release|Any CPU.ActiveCfg = Release|Any CPU
		{0D1D8E39-784F-4F88-9FA1-757D03A3816C}.Release|Any CPU.Build.0 = Release|Any CPU
	EndGlobalSection
	GlobalSection(SolutionProperties) = preSolution
		HideSolutionNode = FALSE
	EndGlobalSection
	GlobalSection(ExtensibilityGlobals) = postSolution
		SolutionGuid = {68525A3F-0F97-46F7-BC66-4E2846AC8CCE}
	EndGlobalSection
EndGlobal
