
Microsoft Visual Studio Solution File, Format Version 12.00
# Visual Studio Version 16
VisualStudioVersion = 16.0.31702.278
MinimumVisualStudioVersion = 10.0.40219.1
Project("{FAE04EC0-301F-11D3-BF4B-00C04F79EFBC}") = "Hurricane", "Hurricane.csproj", "{8658F7CE-5835-4F5D-89AA-FC7E91D6CEE9}"
EndProject
Global
	GlobalSection(SolutionConfigurationPlatforms) = preSolution
		Debug|Any CPU = Debug|Any CPU
		Release|Any CPU = Release|Any CPU
	EndGlobalSection
	GlobalSection(ProjectConfigurationPlatforms) = postSolution
		{8658F7CE-5835-4F5D-89AA-FC7E91D6CEE9}.Debug|Any CPU.ActiveCfg = Debug|Any CPU
		{8658F7CE-5835-4F5D-89AA-FC7E91D6CEE9}.Debug|Any CPU.Build.0 = Debug|Any CPU
		{8658F7CE-5835-4F5D-89AA-FC7E91D6CEE9}.Release|Any CPU.ActiveCfg = Release|Any CPU
		{8658F7CE-5835-4F5D-89AA-FC7E91D6CEE9}.Release|Any CPU.Build.0 = Release|Any CPU
	EndGlobalSection
	GlobalSection(SolutionProperties) = preSolution
		HideSolutionNode = FALSE
	EndGlobalSection
	GlobalSection(ExtensibilityGlobals) = postSolution
		SolutionGuid = {DBF58CDB-A921-42E1-95A4-94F99694DD3B}
	EndGlobalSection
EndGlobal
