
Microsoft Visual Studio Solution File, Format Version 12.00
# Visual Studio Version 16
VisualStudioVersion = 16.0.31702.278
MinimumVisualStudioVersion = 10.0.40219.1
Project("{FAE04EC0-301F-11D3-BF4B-00C04F79EFBC}") = "FunShit", "FunShit.csproj", "{77D1F7DB-E934-4EC7-BD50-CD1568135CB7}"
EndProject
Global
	GlobalSection(SolutionConfigurationPlatforms) = preSolution
		Debug|Any CPU = Debug|Any CPU
		Release|Any CPU = Release|Any CPU
	EndGlobalSection
	GlobalSection(ProjectConfigurationPlatforms) = postSolution
		{77D1F7DB-E934-4EC7-BD50-CD1568135CB7}.Debug|Any CPU.ActiveCfg = Debug|Any CPU
		{77D1F7DB-E934-4EC7-BD50-CD1568135CB7}.Debug|Any CPU.Build.0 = Debug|Any CPU
		{77D1F7DB-E934-4EC7-BD50-CD1568135CB7}.Release|Any CPU.ActiveCfg = Release|Any CPU
		{77D1F7DB-E934-4EC7-BD50-CD1568135CB7}.Release|Any CPU.Build.0 = Release|Any CPU
	EndGlobalSection
	GlobalSection(SolutionProperties) = preSolution
		HideSolutionNode = FALSE
	EndGlobalSection
	GlobalSection(ExtensibilityGlobals) = postSolution
		SolutionGuid = {B2BE3889-C4E9-4745-9888-6ACE9733A38A}
	EndGlobalSection
EndGlobal
