
Microsoft Visual Studio Solution File, Format Version 12.00
# Visual Studio Version 16
VisualStudioVersion = 16.0.31702.278
MinimumVisualStudioVersion = 10.0.40219.1
Project("{FAE04EC0-301F-11D3-BF4B-00C04F79EFBC}") = "Perfect", "Perfect.csproj", "{CFE9FAF5-5604-4125-8236-A9BF91004A8B}"
EndProject
Global
	GlobalSection(SolutionConfigurationPlatforms) = preSolution
		Debug|Any CPU = Debug|Any CPU
		Release|Any CPU = Release|Any CPU
	EndGlobalSection
	GlobalSection(ProjectConfigurationPlatforms) = postSolution
		{CFE9FAF5-5604-4125-8236-A9BF91004A8B}.Debug|Any CPU.ActiveCfg = Debug|Any CPU
		{CFE9FAF5-5604-4125-8236-A9BF91004A8B}.Debug|Any CPU.Build.0 = Debug|Any CPU
		{CFE9FAF5-5604-4125-8236-A9BF91004A8B}.Release|Any CPU.ActiveCfg = Release|Any CPU
		{CFE9FAF5-5604-4125-8236-A9BF91004A8B}.Release|Any CPU.Build.0 = Release|Any CPU
	EndGlobalSection
	GlobalSection(SolutionProperties) = preSolution
		HideSolutionNode = FALSE
	EndGlobalSection
	GlobalSection(ExtensibilityGlobals) = postSolution
		SolutionGuid = {BF83084A-1004-4C4F-99F8-F4D943155E88}
	EndGlobalSection
EndGlobal
