
Microsoft Visual Studio Solution File, Format Version 12.00
# Visual Studio Version 16
VisualStudioVersion = 16.0.31702.278
MinimumVisualStudioVersion = 10.0.40219.1
Project("{FAE04EC0-301F-11D3-BF4B-00C04F79EFBC}") = "BinaryConversion", "BinaryConversion.csproj", "{682D6E07-A493-4A4D-AD61-EC216A98E060}"
EndProject
Global
	GlobalSection(SolutionConfigurationPlatforms) = preSolution
		Debug|Any CPU = Debug|Any CPU
		Release|Any CPU = Release|Any CPU
	EndGlobalSection
	GlobalSection(ProjectConfigurationPlatforms) = postSolution
		{682D6E07-A493-4A4D-AD61-EC216A98E060}.Debug|Any CPU.ActiveCfg = Debug|Any CPU
		{682D6E07-A493-4A4D-AD61-EC216A98E060}.Debug|Any CPU.Build.0 = Debug|Any CPU
		{682D6E07-A493-4A4D-AD61-EC216A98E060}.Release|Any CPU.ActiveCfg = Release|Any CPU
		{682D6E07-A493-4A4D-AD61-EC216A98E060}.Release|Any CPU.Build.0 = Release|Any CPU
	EndGlobalSection
	GlobalSection(SolutionProperties) = preSolution
		HideSolutionNode = FALSE
	EndGlobalSection
	GlobalSection(ExtensibilityGlobals) = postSolution
		SolutionGuid = {B16B2BDA-AFC2-4B35-8A40-5266628972C3}
	EndGlobalSection
EndGlobal
