
Microsoft Visual Studio Solution File, Format Version 12.00
# Visual Studio Version 16
VisualStudioVersion = 16.0.31702.278
MinimumVisualStudioVersion = 10.0.40219.1
Project("{FAE04EC0-301F-11D3-BF4B-00C04F79EFBC}") = "Lottery", "Lottery.csproj", "{EFED8408-4683-4DD6-B3C7-2FC4E9696C04}"
EndProject
Global
	GlobalSection(SolutionConfigurationPlatforms) = preSolution
		Debug|Any CPU = Debug|Any CPU
		Release|Any CPU = Release|Any CPU
	EndGlobalSection
	GlobalSection(ProjectConfigurationPlatforms) = postSolution
		{EFED8408-4683-4DD6-B3C7-2FC4E9696C04}.Debug|Any CPU.ActiveCfg = Debug|Any CPU
		{EFED8408-4683-4DD6-B3C7-2FC4E9696C04}.Debug|Any CPU.Build.0 = Debug|Any CPU
		{EFED8408-4683-4DD6-B3C7-2FC4E9696C04}.Release|Any CPU.ActiveCfg = Release|Any CPU
		{EFED8408-4683-4DD6-B3C7-2FC4E9696C04}.Release|Any CPU.Build.0 = Release|Any CPU
	EndGlobalSection
	GlobalSection(SolutionProperties) = preSolution
		HideSolutionNode = FALSE
	EndGlobalSection
	GlobalSection(ExtensibilityGlobals) = postSolution
		SolutionGuid = {D21798F8-1636-4FC9-B4ED-4F66B045D255}
	EndGlobalSection
EndGlobal
